
Microsoft Visual Studio Solution File, Format Version 12.00
# Visual Studio Version 17
VisualStudioVersion = 17.9.34701.34
MinimumVisualStudioVersion = 10.0.40219.1
Project("{9A19103F-16F7-4668-BE54-9A1E7A4F7556}") = "TgStickerMaker", "TgStickerMaker\TgStickerMaker.csproj", "{74632821-9FB7-4565-A9A8-3986DC1FC76E}"
EndProject
Project("{2150E333-8FDC-42A3-9474-1A3956D46DE8}") = "Элементы решения", "Элементы решения", "{8A0CED1B-8A3E-4351-8C9F-8E1B4BD8A532}"
EndProject
Project("{FAE04EC0-301F-11D3-BF4B-00C04F79EFBC}") = "TgStickerMakerUi", "TgStickerMakerUi\TgStickerMakerUi.csproj", "{978CB824-3515-4C60-A277-38FCD89F6197}"
EndProject
Global
	GlobalSection(SolutionConfigurationPlatforms) = preSolution
		Debug|Any CPU = Debug|Any CPU
		Release|Any CPU = Release|Any CPU
	EndGlobalSection
	GlobalSection(ProjectConfigurationPlatforms) = postSolution
		{74632821-9FB7-4565-A9A8-3986DC1FC76E}.Debug|Any CPU.ActiveCfg = Debug|Any CPU
		{74632821-9FB7-4565-A9A8-3986DC1FC76E}.Debug|Any CPU.Build.0 = Debug|Any CPU
		{74632821-9FB7-4565-A9A8-3986DC1FC76E}.Release|Any CPU.ActiveCfg = Release|Any CPU
		{74632821-9FB7-4565-A9A8-3986DC1FC76E}.Release|Any CPU.Build.0 = Release|Any CPU
		{978CB824-3515-4C60-A277-38FCD89F6197}.Debug|Any CPU.ActiveCfg = Debug|Any CPU
		{978CB824-3515-4C60-A277-38FCD89F6197}.Debug|Any CPU.Build.0 = Debug|Any CPU
		{978CB824-3515-4C60-A277-38FCD89F6197}.Release|Any CPU.ActiveCfg = Release|Any CPU
		{978CB824-3515-4C60-A277-38FCD89F6197}.Release|Any CPU.Build.0 = Release|Any CPU
	EndGlobalSection
	GlobalSection(SolutionProperties) = preSolution
		HideSolutionNode = FALSE
	EndGlobalSection
	GlobalSection(ExtensibilityGlobals) = postSolution
		SolutionGuid = {E6A23EFA-DEDF-49EC-8B24-D98BE097AA0B}
	EndGlobalSection
EndGlobal
